
Microsoft Visual Studio Solution File, Format Version 12.00
# Visual Studio Version 16
VisualStudioVersion = 16.0.29306.81
MinimumVisualStudioVersion = 10.0.40219.1
Project("{FAE04EC0-301F-11D3-BF4B-00C04F79EFBC}") = "Minesweeper", "Minesweeper\Minesweeper.csproj", "{9400CD2C-D4C5-4B92-8A78-15ADD2EE1981}"
EndProject
Global
	GlobalSection(SolutionConfigurationPlatforms) = preSolution
		Debug|Any CPU = Debug|Any CPU
		Release|Any CPU = Release|Any CPU
	EndGlobalSection
	GlobalSection(ProjectConfigurationPlatforms) = postSolution
		{9400CD2C-D4C5-4B92-8A78-15ADD2EE1981}.Debug|Any CPU.ActiveCfg = Debug|Any CPU
		{9400CD2C-D4C5-4B92-8A78-15ADD2EE1981}.Debug|Any CPU.Build.0 = Debug|Any CPU
		{9400CD2C-D4C5-4B92-8A78-15ADD2EE1981}.Release|Any CPU.ActiveCfg = Release|Any CPU
		{9400CD2C-D4C5-4B92-8A78-15ADD2EE1981}.Release|Any CPU.Build.0 = Release|Any CPU
	EndGlobalSection
	GlobalSection(SolutionProperties) = preSolution
		HideSolutionNode = FALSE
	EndGlobalSection
	GlobalSection(ExtensibilityGlobals) = postSolution
		SolutionGuid = {6257FB8F-9F62-40EF-92BA-68F87973C5D5}
	EndGlobalSection
EndGlobal
